// !$*UTF8*$!
{
	archiveVersion = 1;
	classes = {
	};
	objectVersion = 46;
	objects = {

/* Begin PBXBuildFile section */
		FCB6C596196C803B007ACA6E /* Foundation.framework in Frameworks */ = {isa = PBXBuildFile; fileRef = FCB6C595196C803B007ACA6E /* Foundation.framework */; };
		FCB6C598196C803B007ACA6E /* CoreGraphics.framework in Frameworks */ = {isa = PBXBuildFile; fileRef = FCB6C597196C803B007ACA6E /* CoreGraphics.framework */; };
		FCB6C59A196C803B007ACA6E /* UIKit.framework in Frameworks */ = {isa = PBXBuildFile; fileRef = FCB6C599196C803B007ACA6E /* UIKit.framework */; };
		FCB6C5A0196C803B007ACA6E /* InfoPlist.strings in Resources */ = {isa = PBXBuildFile; fileRef = FCB6C59E196C803B007ACA6E /* InfoPlist.strings */; };
		FCB6C5A2196C803B007ACA6E /* main.m in Sources */ = {isa = PBXBuildFile; fileRef = FCB6C5A1196C803B007ACA6E /* main.m */; };
		FCB6C5A6196C803B007ACA6E /* RTAppDelegate.m in Sources */ = {isa = PBXBuildFile; fileRef = FCB6C5A5196C803B007ACA6E /* RTAppDelegate.m */; };
		FCB6C5A9196C803B007ACA6E /* Main.storyboard in Resources */ = {isa = PBXBuildFile; fileRef = FCB6C5A7196C803B007ACA6E /* Main.storyboard */; };
		FCB6C5AC196C803B007ACA6E /* RTViewController.m in Sources */ = {isa = PBXBuildFile; fileRef = FCB6C5AB196C803B007ACA6E /* RTViewController.m */; };
		FCB6C5AE196C803B007ACA6E /* Images.xcassets in Resources */ = {isa = PBXBuildFile; fileRef = FCB6C5AD196C803B007ACA6E /* Images.xcassets */; };
		FCB6C5B5196C803B007ACA6E /* XCTest.framework in Frameworks */ = {isa = PBXBuildFile; fileRef = FCB6C5B4196C803B007ACA6E /* XCTest.framework */; };
		FCB6C5B6196C803B007ACA6E /* Foundation.framework in Frameworks */ = {isa = PBXBuildFile; fileRef = FCB6C595196C803B007ACA6E /* Foundation.framework */; };
		FCB6C5B7196C803B007ACA6E /* UIKit.framework in Frameworks */ = {isa = PBXBuildFile; fileRef = FCB6C599196C803B007ACA6E /* UIKit.framework */; };
		FCB6C5BF196C803C007ACA6E /* InfoPlist.strings in Resources */ = {isa = PBXBuildFile; fileRef = FCB6C5BD196C803C007ACA6E /* InfoPlist.strings */; };
		FCB6C5C1196C803C007ACA6E /* Ranking_TypesTests.m in Sources */ = {isa = PBXBuildFile; fileRef = FCB6C5C0196C803C007ACA6E /* Ranking_TypesTests.m */; };
/* End PBXBuildFile section */

/* Begin PBXContainerItemProxy section */
		FCB6C5B8196C803B007ACA6E /* PBXContainerItemProxy */ = {
			isa = PBXContainerItemProxy;
			containerPortal = FCB6C58A196C803B007ACA6E /* Project object */;
			proxyType = 1;
			remoteGlobalIDString = FCB6C591196C803B007ACA6E;
			remoteInfo = "Ranking Types";
		};
/* End PBXContainerItemProxy section */

/* Begin PBXFileReference section */
		FCB6C592196C803B007ACA6E /* Ranking Types.app */ = {isa = PBXFileReference; explicitFileType = wrapper.application; includeInIndex = 0; path = "Ranking Types.app"; sourceTree = BUILT_PRODUCTS_DIR; };
		FCB6C595196C803B007ACA6E /* Foundation.framework */ = {isa = PBXFileReference; lastKnownFileType = wrapper.framework; name = Foundation.framework; path = System/Library/Frameworks/Foundation.framework; sourceTree = SDKROOT; };
		FCB6C597196C803B007ACA6E /* CoreGraphics.framework */ = {isa = PBXFileReference; lastKnownFileType = wrapper.framework; name = CoreGraphics.framework; path = System/Library/Frameworks/CoreGraphics.framework; sourceTree = SDKROOT; };
		FCB6C599196C803B007ACA6E /* UIKit.framework */ = {isa = PBXFileReference; lastKnownFileType = wrapper.framework; name = UIKit.framework; path = System/Library/Frameworks/UIKit.framework; sourceTree = SDKROOT; };
		FCB6C59D196C803B007ACA6E /* Ranking Types-Info.plist */ = {isa = PBXFileReference; lastKnownFileType = text.plist.xml; path = "Ranking Types-Info.plist"; sourceTree = "<group>"; };
		FCB6C59F196C803B007ACA6E /* en */ = {isa = PBXFileReference; lastKnownFileType = text.plist.strings; name = en; path = en.lproj/InfoPlist.strings; sourceTree = "<group>"; };
		FCB6C5A1196C803B007ACA6E /* main.m */ = {isa = PBXFileReference; lastKnownFileType = sourcecode.c.objc; path = main.m; sourceTree = "<group>"; };
		FCB6C5A3196C803B007ACA6E /* Ranking Types-Prefix.pch */ = {isa = PBXFileReference; lastKnownFileType = sourcecode.c.h; path = "Ranking Types-Prefix.pch"; sourceTree = "<group>"; };
		FCB6C5A4196C803B007ACA6E /* RTAppDelegate.h */ = {isa = PBXFileReference; lastKnownFileType = sourcecode.c.h; path = RTAppDelegate.h; sourceTree = "<group>"; };
		FCB6C5A5196C803B007ACA6E /* RTAppDelegate.m */ = {isa = PBXFileReference; lastKnownFileType = sourcecode.c.objc; path = RTAppDelegate.m; sourceTree = "<group>"; };
		FCB6C5A8196C803B007ACA6E /* Base */ = {isa = PBXFileReference; lastKnownFileType = file.storyboard; name = Base; path = Base.lproj/Main.storyboard; sourceTree = "<group>"; };
		FCB6C5AA196C803B007ACA6E /* RTViewController.h */ = {isa = PBXFileReference; lastKnownFileType = sourcecode.c.h; path = RTViewController.h; sourceTree = "<group>"; };
		FCB6C5AB196C803B007ACA6E /* RTViewController.m */ = {isa = PBXFileReference; lastKnownFileType = sourcecode.c.objc; path = RTViewController.m; sourceTree = "<group>"; };
		FCB6C5AD196C803B007ACA6E /* Images.xcassets */ = {isa = PBXFileReference; lastKnownFileType = folder.assetcatalog; path = Images.xcassets; sourceTree = "<group>"; };
		FCB6C5B3196C803B007ACA6E /* Ranking TypesTests.xctest */ = {isa = PBXFileReference; explicitFileType = wrapper.cfbundle; includeInIndex = 0; path = "Ranking TypesTests.xctest"; sourceTree = BUILT_PRODUCTS_DIR; };
		FCB6C5B4196C803B007ACA6E /* XCTest.framework */ = {isa = PBXFileReference; lastKnownFileType = wrapper.framework; name = XCTest.framework; path = Library/Frameworks/XCTest.framework; sourceTree = DEVELOPER_DIR; };
		FCB6C5BC196C803B007ACA6E /* Ranking TypesTests-Info.plist */ = {isa = PBXFileReference; lastKnownFileType = text.plist.xml; path = "Ranking TypesTests-Info.plist"; sourceTree = "<group>"; };
		FCB6C5BE196C803C007ACA6E /* en */ = {isa = PBXFileReference; lastKnownFileType = text.plist.strings; name = en; path = en.lproj/InfoPlist.strings; sourceTree = "<group>"; };
		FCB6C5C0196C803C007ACA6E /* Ranking_TypesTests.m */ = {isa = PBXFileReference; lastKnownFileType = sourcecode.c.objc; path = Ranking_TypesTests.m; sourceTree = "<group>"; };
/* End PBXFileReference section */

/* Begin PBXFrameworksBuildPhase section */
		FCB6C58F196C803B007ACA6E /* Frameworks */ = {
			isa = PBXFrameworksBuildPhase;
			buildActionMask = 2147483647;
			files = (
				FCB6C598196C803B007ACA6E /* CoreGraphics.framework in Frameworks */,
				FCB6C59A196C803B007ACA6E /* UIKit.framework in Frameworks */,
				FCB6C596196C803B007ACA6E /* Foundation.framework in Frameworks */,
			);
			runOnlyForDeploymentPostprocessing = 0;
		};
		FCB6C5B0196C803B007ACA6E /* Frameworks */ = {
			isa = PBXFrameworksBuildPhase;
			buildActionMask = 2147483647;
			files = (
				FCB6C5B5196C803B007ACA6E /* XCTest.framework in Frameworks */,
				FCB6C5B7196C803B007ACA6E /* UIKit.framework in Frameworks */,
				FCB6C5B6196C803B007ACA6E /* Foundation.framework in Frameworks */,
			);
			runOnlyForDeploymentPostprocessing = 0;
		};
/* End PBXFrameworksBuildPhase section */

/* Begin PBXGroup section */
		FCB6C589196C803B007ACA6E = {
			isa = PBXGroup;
			children = (
				FCB6C59B196C803B007ACA6E /* Ranking Types */,
				FCB6C5BA196C803B007ACA6E /* Ranking TypesTests */,
				FCB6C594196C803B007ACA6E /* Frameworks */,
				FCB6C593196C803B007ACA6E /* Products */,
			);
			sourceTree = "<group>";
		};
		FCB6C593196C803B007ACA6E /* Products */ = {
			isa = PBXGroup;
			children = (
				FCB6C592196C803B007ACA6E /* Ranking Types.app */,
				FCB6C5B3196C803B007ACA6E /* Ranking TypesTests.xctest */,
			);
			name = Products;
			sourceTree = "<group>";
		};
		FCB6C594196C803B007ACA6E /* Frameworks */ = {
			isa = PBXGroup;
			children = (
				FCB6C595196C803B007ACA6E /* Foundation.framework */,
				FCB6C597196C803B007ACA6E /* CoreGraphics.framework */,
				FCB6C599196C803B007ACA6E /* UIKit.framework */,
				FCB6C5B4196C803B007ACA6E /* XCTest.framework */,
			);
			name = Frameworks;
			sourceTree = "<group>";
		};
		FCB6C59B196C803B007ACA6E /* Ranking Types */ = {
			isa = PBXGroup;
			children = (
				FCB6C5A4196C803B007ACA6E /* RTAppDelegate.h */,
				FCB6C5A5196C803B007ACA6E /* RTAppDelegate.m */,
				FCB6C5A7196C803B007ACA6E /* Main.storyboard */,
				FCB6C5AA196C803B007ACA6E /* RTViewController.h */,
				FCB6C5AB196C803B007ACA6E /* RTViewController.m */,
				FCB6C5AD196C803B007ACA6E /* Images.xcassets */,
				FCB6C59C196C803B007ACA6E /* Supporting Files */,
			);
			path = "Ranking Types";
			sourceTree = "<group>";
		};
		FCB6C59C196C803B007ACA6E /* Supporting Files */ = {
			isa = PBXGroup;
			children = (
				FCB6C59D196C803B007ACA6E /* Ranking Types-Info.plist */,
				FCB6C59E196C803B007ACA6E /* InfoPlist.strings */,
				FCB6C5A1196C803B007ACA6E /* main.m */,
				FCB6C5A3196C803B007ACA6E /* Ranking Types-Prefix.pch */,
			);
			name = "Supporting Files";
			sourceTree = "<group>";
		};
		FCB6C5BA196C803B007ACA6E /* Ranking TypesTests */ = {
			isa = PBXGroup;
			children = (
				FCB6C5C0196C803C007ACA6E /* Ranking_TypesTests.m */,
				FCB6C5BB196C803B007ACA6E /* Supporting Files */,
			);
			path = "Ranking TypesTests";
			sourceTree = "<group>";
		};
		FCB6C5BB196C803B007ACA6E /* Supporting Files */ = {
			isa = PBXGroup;
			children = (
				FCB6C5BC196C803B007ACA6E /* Ranking TypesTests-Info.plist */,
				FCB6C5BD196C803C007ACA6E /* InfoPlist.strings */,
			);
			name = "Supporting Files";
			sourceTree = "<group>";
		};
/* End PBXGroup section */

/* Begin PBXNativeTarget section */
		FCB6C591196C803B007ACA6E /* Ranking Types */ = {
			isa = PBXNativeTarget;
			buildConfigurationList = FCB6C5C4196C803C007ACA6E /* Build configuration list for PBXNativeTarget "Ranking Types" */;
			buildPhases = (
				FCB6C58E196C803B007ACA6E /* Sources */,
				FCB6C58F196C803B007ACA6E /* Frameworks */,
				FCB6C590196C803B007ACA6E /* Resources */,
			);
			buildRules = (
			);
			dependencies = (
			);
			name = "Ranking Types";
			productName = "Ranking Types";
			productReference = FCB6C592196C803B007ACA6E /* Ranking Types.app */;
			productType = "com.apple.product-type.application";
		};
		FCB6C5B2196C803B007ACA6E /* Ranking TypesTests */ = {
			isa = PBXNativeTarget;
			buildConfigurationList = FCB6C5C7196C803C007ACA6E /* Build configuration list for PBXNativeTarget "Ranking TypesTests" */;
			buildPhases = (
				FCB6C5AF196C803B007ACA6E /* Sources */,
				FCB6C5B0196C803B007ACA6E /* Frameworks */,
				FCB6C5B1196C803B007ACA6E /* Resources */,
			);
			buildRules = (
			);
			dependencies = (
				FCB6C5B9196C803B007ACA6E /* PBXTargetDependency */,
			);
			name = "Ranking TypesTests";
			productName = "Ranking TypesTests";
			productReference = FCB6C5B3196C803B007ACA6E /* Ranking TypesTests.xctest */;
			productType = "com.apple.product-type.bundle.unit-test";
		};
/* End PBXNativeTarget section */

/* Begin PBXProject section */
		FCB6C58A196C803B007ACA6E /* Project object */ = {
			isa = PBXProject;
			attributes = {
				CLASSPREFIX = RT;
				LastUpgradeCheck = 0510;
				ORGANIZATIONNAME = "Benny Tan";
				TargetAttributes = {
					FCB6C5B2196C803B007ACA6E = {
						TestTargetID = FCB6C591196C803B007ACA6E;
					};
				};
			};
			buildConfigurationList = FCB6C58D196C803B007ACA6E /* Build configuration list for PBXProject "Ranking Types" */;
			compatibilityVersion = "Xcode 3.2";
			developmentRegion = English;
			hasScannedForEncodings = 0;
			knownRegions = (
				en,
				Base,
			);
			mainGroup = FCB6C589196C803B007ACA6E;
			productRefGroup = FCB6C593196C803B007ACA6E /* Products */;
			projectDirPath = "";
			projectRoot = "";
			targets = (
				FCB6C591196C803B007ACA6E /* Ranking Types */,
				FCB6C5B2196C803B007ACA6E /* Ranking TypesTests */,
			);
		};
/* End PBXProject section */

/* Begin PBXResourcesBuildPhase section */
		FCB6C590196C803B007ACA6E /* Resources */ = {
			isa = PBXResourcesBuildPhase;
			buildActionMask = 2147483647;
			files = (
				FCB6C5AE196C803B007ACA6E /* Images.xcassets in Resources */,
				FCB6C5A0196C803B007ACA6E /* InfoPlist.strings in Resources */,
				FCB6C5A9196C803B007ACA6E /* Main.storyboard in Resources */,
			);
			runOnlyForDeploymentPostprocessing = 0;
		};
		FCB6C5B1196C803B007ACA6E /* Resources */ = {
			isa = PBXResourcesBuildPhase;
			buildActionMask = 2147483647;
			files = (
				FCB6C5BF196C803C007ACA6E /* InfoPlist.strings in Resources */,
			);
			runOnlyForDeploymentPostprocessing = 0;
		};
/* End PBXResourcesBuildPhase section */

/* Begin PBXSourcesBuildPhase section */
		FCB6C58E196C803B007ACA6E /* Sources */ = {
			isa = PBXSourcesBuildPhase;
			buildActionMask = 2147483647;
			files = (
				FCB6C5A6196C803B007ACA6E /* RTAppDelegate.m in Sources */,
				FCB6C5AC196C803B007ACA6E /* RTViewController.m in Sources */,
				FCB6C5A2196C803B007ACA6E /* main.m in Sources */,
			);
			runOnlyForDeploymentPostprocessing = 0;
		};
		FCB6C5AF196C803B007ACA6E /* Sources */ = {
			isa = PBXSourcesBuildPhase;
			buildActionMask = 2147483647;
			files = (
				FCB6C5C1196C803C007ACA6E /* Ranking_TypesTests.m in Sources */,
			);
			runOnlyForDeploymentPostprocessing = 0;
		};
/* End PBXSourcesBuildPhase section */

/* Begin PBXTargetDependency section */
		FCB6C5B9196C803B007ACA6E /* PBXTargetDependency */ = {
			isa = PBXTargetDependency;
			target = FCB6C591196C803B007ACA6E /* Ranking Types */;
			targetProxy = FCB6C5B8196C803B007ACA6E /* PBXContainerItemProxy */;
		};
/* End PBXTargetDependency section */

/* Begin PBXVariantGroup section */
		FCB6C59E196C803B007ACA6E /* InfoPlist.strings */ = {
			isa = PBXVariantGroup;
			children = (
				FCB6C59F196C803B007ACA6E /* en */,
			);
			name = InfoPlist.strings;
			sourceTree = "<group>";
		};
		FCB6C5A7196C803B007ACA6E /* Main.storyboard */ = {
			isa = PBXVariantGroup;
			children = (
				FCB6C5A8196C803B007ACA6E /* Base */,
			);
			name = Main.storyboard;
			sourceTree = "<group>";
		};
		FCB6C5BD196C803C007ACA6E /* InfoPlist.strings */ = {
			isa = PBXVariantGroup;
			children = (
				FCB6C5BE196C803C007ACA6E /* en */,
			);
			name = InfoPlist.strings;
			sourceTree = "<group>";
		};
/* End PBXVariantGroup section */

/* Begin XCBuildConfiguration section */
		FCB6C5C2196C803C007ACA6E /* Debug */ = {
			isa = XCBuildConfiguration;
			buildSettings = {
				ALWAYS_SEARCH_USER_PATHS = NO;
				CLANG_CXX_LANGUAGE_STANDARD = "gnu++0x";
				CLANG_CXX_LIBRARY = "libc++";
				CLANG_ENABLE_MODULES = YES;
				CLANG_ENABLE_OBJC_ARC = YES;
				CLANG_WARN_BOOL_CONVERSION = YES;
				CLANG_WARN_CONSTANT_CONVERSION = YES;
				CLANG_WARN_DIRECT_OBJC_ISA_USAGE = YES_ERROR;
				CLANG_WARN_EMPTY_BODY = YES;
				CLANG_WARN_ENUM_CONVERSION = YES;
				CLANG_WARN_INT_CONVERSION = YES;
				CLANG_WARN_OBJC_ROOT_CLASS = YES_ERROR;
				CLANG_WARN__DUPLICATE_METHOD_MATCH = YES;
				"CODE_SIGN_IDENTITY[sdk=iphoneos*]" = "iPhone Developer";
				COPY_PHASE_STRIP = NO;
				GCC_C_LANGUAGE_STANDARD = gnu99;
				GCC_DYNAMIC_NO_PIC = NO;
				GCC_OPTIMIZATION_LEVEL = 0;
				GCC_PREPROCESSOR_DEFINITIONS = (
					"DEBUG=1",
					"$(inherited)",
				);
				GCC_SYMBOLS_PRIVATE_EXTERN = NO;
				GCC_WARN_64_TO_32_BIT_CONVERSION = YES;
				GCC_WARN_ABOUT_RETURN_TYPE = YES_ERROR;
				GCC_WARN_UNDECLARED_SELECTOR = YES;
				GCC_WARN_UNINITIALIZED_AUTOS = YES_AGGRESSIVE;
				GCC_WARN_UNUSED_FUNCTION = YES;
				GCC_WARN_UNUSED_VARIABLE = YES;
				IPHONEOS_DEPLOYMENT_TARGET = 7.1;
				ONLY_ACTIVE_ARCH = YES;
				SDKROOT = iphoneos;
			};
			name = Debug;
		};
		FCB6C5C3196C803C007ACA6E /* Release */ = {
			isa = XCBuildConfiguration;
			buildSettings = {
				ALWAYS_SEARCH_USER_PATHS = NO;
				CLANG_CXX_LANGUAGE_STANDARD = "gnu++0x";
				CLANG_CXX_LIBRARY = "libc++";
				CLANG_ENABLE_MODULES = YES;
				CLANG_ENABLE_OBJC_ARC = YES;
				CLANG_WARN_BOOL_CONVERSION = YES;
				CLANG_WARN_CONSTANT_CONVERSION = YES;
				CLANG_WARN_DIRECT_OBJC_ISA_USAGE = YES_ERROR;
				CLANG_WARN_EMPTY_BODY = YES;
				CLANG_WARN_ENUM_CONVERSION = YES;
				CLANG_WARN_INT_CONVERSION = YES;
				CLANG_WARN_OBJC_ROOT_CLASS = YES_ERROR;
				CLANG_WARN__DUPLICATE_METHOD_MATCH = YES;
				"CODE_SIGN_IDENTITY[sdk=iphoneos*]" = "iPhone Developer";
				COPY_PHASE_STRIP = YES;
				ENABLE_NS_ASSERTIONS = NO;
				GCC_C_LANGUAGE_STANDARD = gnu99;
				GCC_WARN_64_TO_32_BIT_CONVERSION = YES;
				GCC_WARN_ABOUT_RETURN_TYPE = YES_ERROR;
				GCC_WARN_UNDECLARED_SELECTOR = YES;
				GCC_WARN_UNINITIALIZED_AUTOS = YES_AGGRESSIVE;
				GCC_WARN_UNUSED_FUNCTION = YES;
				GCC_WARN_UNUSED_VARIABLE = YES;
				IPHONEOS_DEPLOYMENT_TARGET = 7.1;
				SDKROOT = iphoneos;
				VALIDATE_PRODUCT = YES;
			};
			name = Release;
		};
		FCB6C5C5196C803C007ACA6E /* Debug */ = {
			isa = XCBuildConfiguration;
			buildSettings = {
				ASSETCATALOG_COMPILER_APPICON_NAME = AppIcon;
				ASSETCATALOG_COMPILER_LAUNCHIMAGE_NAME = LaunchImage;
				GCC_PRECOMPILE_PREFIX_HEADER = YES;
				GCC_PREFIX_HEADER = "Ranking Types/Ranking Types-Prefix.pch";
				INFOPLIST_FILE = "Ranking Types/Ranking Types-Info.plist";
				PRODUCT_NAME = "$(TARGET_NAME)";
				WRAPPER_EXTENSION = app;
			};
			name = Debug;
		};
		FCB6C5C6196C803C007ACA6E /* Release */ = {
			isa = XCBuildConfiguration;
			buildSettings = {
				ASSETCATALOG_COMPILER_APPICON_NAME = AppIcon;
				ASSETCATALOG_COMPILER_LAUNCHIMAGE_NAME = LaunchImage;
				GCC_PRECOMPILE_PREFIX_HEADER = YES;
				GCC_PREFIX_HEADER = "Ranking Types/Ranking Types-Prefix.pch";
				INFOPLIST_FILE = "Ranking Types/Ranking Types-Info.plist";
				PRODUCT_NAME = "$(TARGET_NAME)";
				WRAPPER_EXTENSION = app;
			};
			name = Release;
		};
		FCB6C5C8196C803C007ACA6E /* Debug */ = {
			isa = XCBuildConfiguration;
			buildSettings = {
				BUNDLE_LOADER = "$(BUILT_PRODUCTS_DIR)/Ranking Types.app/Ranking Types";
				FRAMEWORK_SEARCH_PATHS = (
					"$(SDKROOT)/Developer/Library/Frameworks",
					"$(inherited)",
					"$(DEVELOPER_FRAMEWORKS_DIR)",
				);
				GCC_PRECOMPILE_PREFIX_HEADER = YES;
				GCC_PREFIX_HEADER = "Ranking Types/Ranking Types-Prefix.pch";
				GCC_PREPROCESSOR_DEFINITIONS = (
					"DEBUG=1",
					"$(inherited)",
				);
				INFOPLIST_FILE = "Ranking TypesTests/Ranking TypesTests-Info.plist";
				PRODUCT_NAME = "$(TARGET_NAME)";
				TEST_HOST = "$(BUNDLE_LOADER)";
				WRAPPER_EXTENSION = xctest;
			};
			name = Debug;
		};
		FCB6C5C9196C803C007ACA6E /* Release */ = {
			isa = XCBuildConfiguration;
			buildSettings = {
				BUNDLE_LOADER = "$(BUILT_PRODUCTS_DIR)/Ranking Types.app/Ranking Types";
				FRAMEWORK_SEARCH_PATHS = (
					"$(SDKROOT)/Developer/Library/Frameworks",
					"$(inherited)",
					"$(DEVELOPER_FRAMEWORKS_DIR)",
				);
				GCC_PRECOMPILE_PREFIX_HEADER = YES;
				GCC_PREFIX_HEADER = "Ranking Types/Ranking Types-Prefix.pch";
				INFOPLIST_FILE = "Ranking TypesTests/Ranking TypesTests-Info.plist";
				PRODUCT_NAME = "$(TARGET_NAME)";
				TEST_HOST = "$(BUNDLE_LOADER)";
				WRAPPER_EXTENSION = xctest;
			};
			name = Release;
		};
/* End XCBuildConfiguration section */

/* Begin XCConfigurationList section */
		FCB6C58D196C803B007ACA6E /* Build configuration list for PBXProject "Ranking Types" */ = {
			isa = XCConfigurationList;
			buildConfigurations = (
				FCB6C5C2196C803C007ACA6E /* Debug */,
				FCB6C5C3196C803C007ACA6E /* Release */,
			);
			defaultConfigurationIsVisible = 0;
			defaultConfigurationName = Release;
		};
		FCB6C5C4196C803C007ACA6E /* Build configuration list for PBXNativeTarget "Ranking Types" */ = {
			isa = XCConfigurationList;
			buildConfigurations = (
				FCB6C5C5196C803C007ACA6E /* Debug */,
				FCB6C5C6196C803C007ACA6E /* Release */,
			);
			defaultConfigurationIsVisible = 0;
		};
		FCB6C5C7196C803C007ACA6E /* Build configuration list for PBXNativeTarget "Ranking TypesTests" */ = {
			isa = XCConfigurationList;
			buildConfigurations = (
				FCB6C5C8196C803C007ACA6E /* Debug */,
				FCB6C5C9196C803C007ACA6E /* Release */,
			);
			defaultConfigurationIsVisible = 0;
		};
/* End XCConfigurationList section */
	};
	rootObject = FCB6C58A196C803B007ACA6E /* Project object */;
}
